Microsoft Visual Studio Solution File, Format Version 12.00
# Visual Studio Version 17
VisualStudioVersion = 17.5.2.0
MinimumVisualStudioVersion = 10.0.40219.1
Project("{FAE04EC0-301F-11D3-BF4B-00C04F79EFBC}") = "invoice-backend", "invoice-backend.csproj", "{4A904C09-2792-B47A-01D8-49B0B68EAC5A}"
EndProject
Global
	GlobalSection(SolutionConfigurationPlatforms) = preSolution
		Debug|Any CPU = Debug|Any CPU
		Release|Any CPU = Release|Any CPU
	EndGlobalSection
	GlobalSection(ProjectConfigurationPlatforms) = postSolution
		{4A904C09-2792-B47A-01D8-49B0B68EAC5A}.Debug|Any CPU.ActiveCfg = Debug|Any CPU
		{4A904C09-2792-B47A-01D8-49B0B68EAC5A}.Debug|Any CPU.Build.0 = Debug|Any CPU
		{4A904C09-2792-B47A-01D8-49B0B68EAC5A}.Release|Any CPU.ActiveCfg = Release|Any CPU
		{4A904C09-2792-B47A-01D8-49B0B68EAC5A}.Release|Any CPU.Build.0 = Release|Any CPU
	EndGlobalSection
	GlobalSection(SolutionProperties) = preSolution
		HideSolutionNode = FALSE
	EndGlobalSection
	GlobalSection(ExtensibilityGlobals) = postSolution
		SolutionGuid = {FBE0C4A6-D90E-4121-ADDE-05B97056B31C}
	EndGlobalSection
EndGlobal
